{
  "version": 4,
  "terraform_version": "1.9.3",
  "serial": 1,
  "lineage": "ee28f518-c3f0-3a1d-4ea0-85d9438c7197",
  "outputs": {},
  "resources": [
    {
      "module": "module.cfw",
      "mode": "managed",
      "type": "huaweicloud_cfw_firewall",
      "name": "this",
      "provider": "provider[\"registry.terraform.io/huaweicloud/huaweicloud\"]",
      "instances": [
        {
          "schema_version": 0,
          "attributes": {
            "auto_renew": null,
            "charging_mode": "postPaid",
            "east_west_firewall_er_attachment_id": "",
            "east_west_firewall_er_id": "",
            "east_west_firewall_inspection_cidr": "",
            "east_west_firewall_inspection_vpc_id": "",
            "east_west_firewall_mode": "",
            "east_west_firewall_status": 0,
            "engine_type": 1,
            "enterprise_project_id": "0",
            "flavor": [
              {
                "bandwidth": 200,
                "default_bandwidth": 50,
                "default_eip_count": 50,
                "default_log_storage": 0,
                "default_vpc_count": 2,
                "eip_count": 1000,
                "extend_bandwidth": 0,
                "extend_eip_count": 0,
                "extend_vpc_count": 0,
                "log_storage": 0,
                "total_rule_count": 20000,
                "used_rule_count": 0,
                "version": "Professional",
                "vpc_bandwidth": 800,
                "vpc_count": 5
              }
            ],
            "ha_type": 1,
            "id": "7c089972-bbeb-4188-9add-73af56b07723",
            "ips_protection_mode": 0,
            "ips_switch_status": 0,
            "name": "cfwTest",
            "period": null,
            "period_unit": null,
            "protect_objects": [
              {
                "object_id": "a4b7419b-85cc-4193-a5c8-7d6e5690ba72",
                "object_name": "1726131575601",
                "type": 0
              }
            ],
            "region": "ap-southeast-2",
            "service_type": 0,
            "status": 2,
            "support_ipv6": false,
            "tags": null,
            "timeouts": null
          },
          "sensitive_attributes": [],
          "private": "eyJlMmJmYjczMC1lY2FhLTExZTYtOGY4OC0zNDM2M2JjN2M0YzAiOnsiY3JlYXRlIjoxMjAwMDAwMDAwMDAwLCJkZWxldGUiOjEyMDAwMDAwMDAwMDB9fQ=="
        }
      ]
    }
  ],
  "check_results": null
}
