{
  "version": 4,
  "terraform_version": "1.9.3",
  "serial": 295,
  "lineage": "d063b9a0-290d-d9bd-3021-f9a6c543f069",
  "outputs": {
    "current_account_id": {
      "value": "d2dd83d4262540e991da413fe3c0c4cf",
      "type": "string"
    }
  },
  "resources": [
    {
      "mode": "data",
      "type": "huaweicloud_account",
      "name": "current",
      "provider": "provider[\"registry.terraform.io/huaweicloud/huaweicloud\"]",
      "instances": [
        {
          "schema_version": 0,
          "attributes": {
            "id": "d2dd83d4262540e991da413fe3c0c4cf",
            "name": "HIS_landingzone"
          },
          "sensitive_attributes": []
        }
      ]
    },
    {
      "mode": "managed",
      "type": "huaweicloud_cts_tracker",
      "name": "this",
      "provider": "provider[\"registry.terraform.io/huaweicloud/huaweicloud\"]",
      "instances": [
        {
          "schema_version": 0,
          "attributes": {
            "bucket_name": "his-landingzone-cts-test-bucket",
            "enabled": true,
            "file_prefix": "",
            "id": "5cde4d29-0e6f-46a6-a7dd-cb1362ba9751",
            "kms_id": "",
            "lts_enabled": true,
            "name": "system",
            "organization_enabled": false,
            "region": "ap-southeast-2",
            "status": "enabled",
            "timeouts": null,
            "transfer_enabled": true,
            "type": "system",
            "validate_file": false
          },
          "sensitive_attributes": [],
          "private": "eyJlMmJmYjczMC1lY2FhLTExZTYtOGY4OC0zNDM2M2JjN2M0YzAiOnsiY3JlYXRlIjozMDAwMDAwMDAwMDAsImRlbGV0ZSI6MzAwMDAwMDAwMDAwfX0="
        }
      ]
    },
    {
      "mode": "managed",
      "type": "huaweicloud_obs_bucket",
      "name": "this",
      "provider": "provider[\"registry.terraform.io/huaweicloud/huaweicloud\"]",
      "instances": [
        {
          "schema_version": 0,
          "attributes": {
            "acl": "private",
            "bucket": "his-landingzone-cts-data-bucket",
            "bucket_domain_name": "his-landingzone-cts-data-bucket.obs.ap-southeast-2.myhuaweicloud.com",
            "bucket_version": "3.0",
            "cors_rule": [],
            "encryption": false,
            "enterprise_project_id": "0",
            "force_destroy": false,
            "id": "his-landingzone-cts-data-bucket",
            "kms_key_id": "",
            "kms_key_project_id": "",
            "lifecycle_rule": [],
            "logging": [],
            "multi_az": false,
            "parallel_fs": false,
            "policy": "",
            "policy_format": "obs",
            "quota": 0,
            "region": "ap-southeast-2",
            "sse_algorithm": "",
            "storage_class": "STANDARD",
            "storage_info": [
              {
                "object_number": 0,
                "size": 0
              }
            ],
            "tags": {},
            "user_domain_names": [],
            "versioning": false,
            "website": []
          },
          "sensitive_attributes": [],
          "private": "bnVsbA=="
        }
      ]
    },
    {
      "mode": "managed",
      "type": "huaweicloud_obs_bucket",
      "name": "this2",
      "provider": "provider[\"registry.terraform.io/huaweicloud/huaweicloud\"]",
      "instances": [
        {
          "schema_version": 0,
          "attributes": {
            "acl": "private",
            "bucket": "his-landingzone-cts-transfer-bucket",
            "bucket_domain_name": "his-landingzone-cts-transfer-bucket.obs.ap-southeast-2.myhuaweicloud.com",
            "bucket_version": "3.0",
            "cors_rule": [],
            "encryption": false,
            "enterprise_project_id": "0",
            "force_destroy": false,
            "id": "his-landingzone-cts-transfer-bucket",
            "kms_key_id": "",
            "kms_key_project_id": "",
            "lifecycle_rule": [],
            "logging": [],
            "multi_az": false,
            "parallel_fs": false,
            "policy": "",
            "policy_format": "obs",
            "quota": 0,
            "region": "ap-southeast-2",
            "sse_algorithm": "",
            "storage_class": "STANDARD",
            "storage_info": [
              {
                "object_number": 0,
                "size": 0
              }
            ],
            "tags": {},
            "user_domain_names": [],
            "versioning": false,
            "website": []
          },
          "sensitive_attributes": [],
          "private": "bnVsbA=="
        }
      ]
    },
    {
      "module": "module.cts",
      "mode": "managed",
      "type": "huaweicloud_cts_tracker",
      "name": "this",
      "provider": "provider[\"registry.terraform.io/huaweicloud/huaweicloud\"]",
      "instances": [
        {
          "index_key": "cts1",
          "status": "tainted",
          "schema_version": 0,
          "attributes": {
            "agency_name": null,
            "bucket_name": "his-landingzone-cts-data-bucket",
            "compress_type": "gzip",
            "delete_tracker": null,
            "enabled": true,
            "exclude_service": null,
            "file_prefix": null,
            "id": "945dbbdc-128f-4264-8500-ac1ee377ceb6",
            "is_sort_by_service": true,
            "kms_id": "",
            "lts_enabled": true,
            "name": null,
            "organization_enabled": true,
            "region": "ap-southeast-2",
            "status": null,
            "tags": {
              "foo": "bar"
            },
            "timeouts": null,
            "transfer_enabled": null,
            "type": null,
            "validate_file": true
          },
          "sensitive_attributes": [],
          "private": "eyJlMmJmYjczMC1lY2FhLTExZTYtOGY4OC0zNDM2M2JjN2M0YzAiOnsiY3JlYXRlIjozMDAwMDAwMDAwMDAsImRlbGV0ZSI6MzAwMDAwMDAwMDAwfX0="
        }
      ]
    },
    {
      "module": "module.kms",
      "mode": "managed",
      "type": "huaweicloud_kms_key",
      "name": "this",
      "provider": "provider[\"registry.terraform.io/huaweicloud/huaweicloud\"]",
      "instances": [
        {
          "index_key": "kms2",
          "status": "tainted",
          "schema_version": 0,
          "attributes": {
            "creation_date": null,
            "default_key_flag": null,
            "domain_id": null,
            "enterprise_project_id": null,
            "expiration_time": null,
            "id": "b5343aa2-aeef-45ca-958d-9878ee0d49a6",
            "is_enabled": true,
            "key_algorithm": "AES_256",
            "key_alias": "kms-2",
            "key_description": null,
            "key_id": null,
            "pending_days": "7",
            "region": null,
            "rotation_enabled": true,
            "rotation_interval": 30,
            "rotation_number": null,
            "scheduled_deletion_date": null,
            "tags": null
          },
          "sensitive_attributes": [],
          "private": "bnVsbA==",
          "dependencies": [
            "data.huaweicloud_account.current"
          ]
        }
      ]
    },
    {
      "module": "module.lts",
      "mode": "managed",
      "type": "huaweicloud_lts_group",
      "name": "this",
      "provider": "provider[\"registry.terraform.io/huaweicloud/huaweicloud\"]",
      "instances": [
        {
          "index_key": "group1",
          "schema_version": 0,
          "attributes": {
            "created_at": "2024-07-24T20:23:58+08:00",
            "group_name": "group-1",
            "id": "1a8a6e8a-bd00-47e6-aec1-5b256eeb977a",
            "region": "ap-southeast-2",
            "tags": {
              "_sys_enterprise_project_id": "0"
            },
            "ttl_in_days": 30
          },
          "sensitive_attributes": [],
          "private": "bnVsbA=="
        },
        {
          "index_key": "group2",
          "schema_version": 0,
          "attributes": {
            "created_at": "2024-07-24T20:23:58+08:00",
            "group_name": "group-2",
            "id": "f895a6d7-47db-4f9a-b3da-1140f97f072b",
            "region": "ap-southeast-2",
            "tags": {
              "_sys_enterprise_project_id": "0"
            },
            "ttl_in_days": 30
          },
          "sensitive_attributes": [],
          "private": "bnVsbA=="
        }
      ]
    },
    {
      "module": "module.lts",
      "mode": "managed",
      "type": "huaweicloud_lts_stream",
      "name": "this",
      "provider": "provider[\"registry.terraform.io/huaweicloud/huaweicloud\"]",
      "instances": [
        {
          "index_key": "group1.stream1",
          "schema_version": 0,
          "attributes": {
            "created_at": "2024-07-24T20:23:58+08:00",
            "enterprise_project_id": "0",
            "filter_count": 0,
            "group_id": "1a8a6e8a-bd00-47e6-aec1-5b256eeb977a",
            "id": "fdda43ae-8d71-4656-bfe3-6001c440ba41",
            "region": "ap-southeast-2",
            "stream_name": "stream-1",
            "tags": {},
            "ttl_in_days": null
          },
          "sensitive_attributes": [],
          "private": "bnVsbA==",
          "dependencies": [
            "module.lts.huaweicloud_lts_group.this"
          ]
        },
        {
          "index_key": "group2.stream2",
          "schema_version": 0,
          "attributes": {
            "created_at": "2024-07-24T20:23:58+08:00",
            "enterprise_project_id": "0",
            "filter_count": 0,
            "group_id": "f895a6d7-47db-4f9a-b3da-1140f97f072b",
            "id": "7cd8794b-3ab3-4dab-b023-e47cb324c416",
            "region": "ap-southeast-2",
            "stream_name": "stream-2",
            "tags": {},
            "ttl_in_days": null
          },
          "sensitive_attributes": [],
          "private": "bnVsbA==",
          "dependencies": [
            "module.lts.huaweicloud_lts_group.this"
          ]
        }
      ]
    },
    {
      "module": "module.vpc",
      "mode": "managed",
      "type": "huaweicloud_vpc",
      "name": "this",
      "provider": "provider[\"registry.terraform.io/huaweicloud/huaweicloud\"]",
      "instances": [
        {
          "index_key": "vpc1",
          "schema_version": 0,
          "attributes": {
            "cidr": "192.168.0.0/16",
            "description": "",
            "enterprise_project_id": "0",
            "id": "e08a6f6b-e586-4ad1-9262-628fdc7b5265",
            "name": "vpc-1",
            "region": "ap-southeast-2",
            "routes": [],
            "secondary_cidr": null,
            "secondary_cidrs": [],
            "status": "OK",
            "tags": {
              "account": "network",
              "company": "awc",
              "environment": "production",
              "role": "ingress"
            },
            "timeouts": null
          },
          "sensitive_attributes": [],
          "dependencies": [
            "module.lts.huaweicloud_lts_group.this",
            "module.lts.huaweicloud_lts_stream.this"
          ]
        },
        {
          "index_key": "vpc2",
          "schema_version": 0,
          "attributes": {
            "cidr": "172.16.0.0/16",
            "description": "",
            "enterprise_project_id": "0",
            "id": "9df30c32-0089-4ed1-8b19-37565a5e3d3b",
            "name": "vpc-2",
            "region": "ap-southeast-2",
            "routes": [],
            "secondary_cidr": null,
            "secondary_cidrs": [],
            "status": "OK",
            "tags": {
              "foo": "bar"
            },
            "timeouts": null
          },
          "sensitive_attributes": [],
          "private": "eyJlMmJmYjczMC1lY2FhLTExZTYtOGY4OC0zNDM2M2JjN2M0YzAiOnsiY3JlYXRlIjo2MDAwMDAwMDAwMDAsImRlbGV0ZSI6MTgwMDAwMDAwMDAwfX0=",
          "dependencies": [
            "module.lts.huaweicloud_lts_group.this",
            "module.lts.huaweicloud_lts_stream.this"
          ]
        }
      ]
    },
    {
      "module": "module.vpc",
      "mode": "managed",
      "type": "huaweicloud_vpc_flow_log",
      "name": "this",
      "provider": "provider[\"registry.terraform.io/huaweicloud/huaweicloud\"]",
      "instances": [
        {
          "index_key": "vpc1",
          "schema_version": 0,
          "attributes": {
            "description": "",
            "enabled": true,
            "id": "d1ff9ef0-65e8-446b-bf70-5f8f1191336b",
            "log_group_id": "1a8a6e8a-bd00-47e6-aec1-5b256eeb977a",
            "log_stream_id": "fdda43ae-8d71-4656-bfe3-6001c440ba41",
            "name": "vpc",
            "region": "ap-southeast-2",
            "resource_id": "e08a6f6b-e586-4ad1-9262-628fdc7b5265",
            "resource_type": "vpc",
            "status": "ACTIVE",
            "traffic_type": "all"
          },
          "sensitive_attributes": [],
          "private": "bnVsbA==",
          "dependencies": [
            "module.lts.huaweicloud_lts_group.this",
            "module.lts.huaweicloud_lts_stream.this",
            "module.vpc.huaweicloud_vpc.this"
          ]
        },
        {
          "index_key": "vpc2",
          "schema_version": 0,
          "attributes": {
            "description": "",
            "enabled": true,
            "id": "2eef4a56-9bf0-4289-9d7e-4046790b94dd",
            "log_group_id": "f895a6d7-47db-4f9a-b3da-1140f97f072b",
            "log_stream_id": "7cd8794b-3ab3-4dab-b023-e47cb324c416",
            "name": "vpc",
            "region": "ap-southeast-2",
            "resource_id": "9df30c32-0089-4ed1-8b19-37565a5e3d3b",
            "resource_type": "vpc",
            "status": "ACTIVE",
            "traffic_type": "all"
          },
          "sensitive_attributes": [],
          "private": "bnVsbA==",
          "dependencies": [
            "module.lts.huaweicloud_lts_group.this",
            "module.lts.huaweicloud_lts_stream.this",
            "module.vpc.huaweicloud_vpc.this"
          ]
        }
      ]
    },
    {
      "module": "module.vpc",
      "mode": "managed",
      "type": "huaweicloud_vpc_subnet",
      "name": "this",
      "provider": "provider[\"registry.terraform.io/huaweicloud/huaweicloud\"]",
      "instances": [
        {
          "index_key": "vpc1.subnet1",
          "schema_version": 0,
          "attributes": {
            "availability_zone": "",
            "cidr": "192.168.0.0/24",
            "description": "",
            "dhcp_enable": true,
            "dhcp_lease_time": "87600h",
            "dns_list": [
              "100.125.1.250",
              "100.125.1.251"
            ],
            "gateway_ip": "192.168.0.1",
            "id": "e040f6b7-2a82-422c-a51c-afa17d7bbd0e",
            "ipv4_subnet_id": "a3c3a558-8c12-45c6-a3a5-772c61cc4e52",
            "ipv6_cidr": "",
            "ipv6_enable": false,
            "ipv6_gateway": "",
            "ipv6_subnet_id": "",
            "name": "subnet-1-1",
            "ntp_server_address": null,
            "primary_dns": "100.125.1.250",
            "region": "ap-southeast-2",
            "secondary_dns": "100.125.1.251",
            "subnet_id": "a3c3a558-8c12-45c6-a3a5-772c61cc4e52",
            "tags": {},
            "timeouts": null,
            "vpc_id": "e08a6f6b-e586-4ad1-9262-628fdc7b5265"
          },
          "sensitive_attributes": [],
          "private": "eyJlMmJmYjczMC1lY2FhLTExZTYtOGY4OC0zNDM2M2JjN2M0YzAiOnsiY3JlYXRlIjozMDAwMDAwMDAwMDAsImRlbGV0ZSI6NjAwMDAwMDAwMDAwfX0=",
          "dependencies": [
            "module.lts.huaweicloud_lts_group.this",
            "module.lts.huaweicloud_lts_stream.this",
            "module.vpc.huaweicloud_vpc.this"
          ]
        },
        {
          "index_key": "vpc1.subnet2",
          "schema_version": 0,
          "attributes": {
            "availability_zone": "",
            "cidr": "192.168.1.0/24",
            "description": "",
            "dhcp_enable": true,
            "dhcp_lease_time": "87600h",
            "dns_list": [
              "100.125.1.250",
              "100.125.1.251"
            ],
            "gateway_ip": "192.168.1.1",
            "id": "ec2b2cca-bbd0-4331-a3f2-78d145208e87",
            "ipv4_subnet_id": "d8c0321c-d92d-460d-9423-8b05801c5d7e",
            "ipv6_cidr": "",
            "ipv6_enable": false,
            "ipv6_gateway": "",
            "ipv6_subnet_id": "",
            "name": "subnet-1-2",
            "ntp_server_address": null,
            "primary_dns": "100.125.1.250",
            "region": "ap-southeast-2",
            "secondary_dns": "100.125.1.251",
            "subnet_id": "d8c0321c-d92d-460d-9423-8b05801c5d7e",
            "tags": {},
            "timeouts": null,
            "vpc_id": "e08a6f6b-e586-4ad1-9262-628fdc7b5265"
          },
          "sensitive_attributes": [],
          "private": "eyJlMmJmYjczMC1lY2FhLTExZTYtOGY4OC0zNDM2M2JjN2M0YzAiOnsiY3JlYXRlIjozMDAwMDAwMDAwMDAsImRlbGV0ZSI6NjAwMDAwMDAwMDAwfX0=",
          "dependencies": [
            "module.lts.huaweicloud_lts_group.this",
            "module.lts.huaweicloud_lts_stream.this",
            "module.vpc.huaweicloud_vpc.this"
          ]
        },
        {
          "index_key": "vpc2.subnet1",
          "schema_version": 0,
          "attributes": {
            "availability_zone": "",
            "cidr": "172.16.0.0/24",
            "description": "",
            "dhcp_enable": true,
            "dhcp_lease_time": "87600h",
            "dns_list": [
              "100.125.1.250",
              "100.125.1.251"
            ],
            "gateway_ip": "172.16.0.1",
            "id": "13ba489f-5424-4671-a544-2f54ff8df7ed",
            "ipv4_subnet_id": "f0adb6d6-dfd1-423c-b73b-40fd01779a66",
            "ipv6_cidr": "",
            "ipv6_enable": false,
            "ipv6_gateway": "",
            "ipv6_subnet_id": "",
            "name": "subnet-2-1",
            "ntp_server_address": null,
            "primary_dns": "100.125.1.250",
            "region": "ap-southeast-2",
            "secondary_dns": "100.125.1.251",
            "subnet_id": "f0adb6d6-dfd1-423c-b73b-40fd01779a66",
            "tags": {},
            "timeouts": null,
            "vpc_id": "9df30c32-0089-4ed1-8b19-37565a5e3d3b"
          },
          "sensitive_attributes": [],
          "private": "eyJlMmJmYjczMC1lY2FhLTExZTYtOGY4OC0zNDM2M2JjN2M0YzAiOnsiY3JlYXRlIjozMDAwMDAwMDAwMDAsImRlbGV0ZSI6NjAwMDAwMDAwMDAwfX0=",
          "dependencies": [
            "module.lts.huaweicloud_lts_group.this",
            "module.lts.huaweicloud_lts_stream.this",
            "module.vpc.huaweicloud_vpc.this"
          ]
        },
        {
          "index_key": "vpc2.subnet2",
          "schema_version": 0,
          "attributes": {
            "availability_zone": "",
            "cidr": "172.16.1.0/24",
            "description": "",
            "dhcp_enable": true,
            "dhcp_lease_time": "87600h",
            "dns_list": [
              "100.125.1.250",
              "100.125.1.251"
            ],
            "gateway_ip": "172.16.1.1",
            "id": "6bdc39e4-2fd6-4dbe-b6b5-dab1e45092ad",
            "ipv4_subnet_id": "35f05d7e-06bd-45fc-8303-afc525865c1f",
            "ipv6_cidr": "",
            "ipv6_enable": false,
            "ipv6_gateway": "",
            "ipv6_subnet_id": "",
            "name": "subnet-2-2",
            "ntp_server_address": null,
            "primary_dns": "100.125.1.250",
            "region": "ap-southeast-2",
            "secondary_dns": "100.125.1.251",
            "subnet_id": "35f05d7e-06bd-45fc-8303-afc525865c1f",
            "tags": {},
            "timeouts": null,
            "vpc_id": "9df30c32-0089-4ed1-8b19-37565a5e3d3b"
          },
          "sensitive_attributes": [],
          "private": "eyJlMmJmYjczMC1lY2FhLTExZTYtOGY4OC0zNDM2M2JjN2M0YzAiOnsiY3JlYXRlIjozMDAwMDAwMDAwMDAsImRlbGV0ZSI6NjAwMDAwMDAwMDAwfX0=",
          "dependencies": [
            "module.lts.huaweicloud_lts_group.this",
            "module.lts.huaweicloud_lts_stream.this",
            "module.vpc.huaweicloud_vpc.this"
          ]
        }
      ]
    }
  ],
  "check_results": null
}
