{
  "version": 4,
  "terraform_version": "1.9.3",
  "serial": 368,
  "lineage": "d063b9a0-290d-d9bd-3021-f9a6c543f069",
  "outputs": {
    "current_account_id": {
      "value": "d2dd83d4262540e991da413fe3c0c4cf",
      "type": "string"
    }
  },
  "resources": [
    {
      "mode": "data",
      "type": "huaweicloud_account",
      "name": "current",
      "provider": "provider[\"registry.terraform.io/huaweicloud/huaweicloud\"]",
      "instances": [
        {
          "schema_version": 0,
          "attributes": {
            "id": "d2dd83d4262540e991da413fe3c0c4cf",
            "name": "HIS_landingzone"
          },
          "sensitive_attributes": []
        }
      ]
    },
    {
      "module": "module.kms",
      "mode": "managed",
      "type": "huaweicloud_kms_grant",
      "name": "this",
      "provider": "provider[\"registry.terraform.io/huaweicloud/huaweicloud\"]",
      "instances": [
        {
          "index_key": "kms3.grant1",
          "schema_version": 0,
          "attributes": {
            "creator": "5c6c8f0e3fa8407e88bcdca4df3d2362",
            "grantee_principal": "d2dd83d4262540e991da413fe3c0c4cf",
            "id": "d4a4d17584ec74ca9260d01f546ff65ac899551f2d9cd5a961292bdeeeb98078",
            "key_id": "348cb3fc-4273-41f6-95bc-22f1b5685a7b",
            "name": "grant-1",
            "operations": [
              "create-datakey",
              "describe-key"
            ],
            "region": "ap-southeast-2",
            "retiring_principal": "",
            "type": "user"
          },
          "sensitive_attributes": [],
          "private": "bnVsbA==",
          "dependencies": [
            "data.huaweicloud_account.current",
            "module.kms.huaweicloud_kms_key.this"
          ]
        }
      ]
    },
    {
      "module": "module.kms",
      "mode": "managed",
      "type": "huaweicloud_kms_key",
      "name": "this",
      "provider": "provider[\"registry.terraform.io/huaweicloud/huaweicloud\"]",
      "instances": [
        {
          "index_key": "kms3",
          "schema_version": 0,
          "attributes": {
            "creation_date": "1722336719000",
            "default_key_flag": "0",
            "domain_id": "d2dd83d4262540e991da413fe3c0c4cf",
            "enterprise_project_id": "0",
            "expiration_time": "",
            "id": "348cb3fc-4273-41f6-95bc-22f1b5685a7b",
            "is_enabled": true,
            "key_algorithm": "AES_256",
            "key_alias": "kms-3",
            "key_description": "",
            "key_id": "348cb3fc-4273-41f6-95bc-22f1b5685a7b",
            "key_state": "2",
            "key_usage": "ENCRYPT_DECRYPT",
            "keystore_id": "0",
            "origin": "kms",
            "pending_days": "7",
            "region": "ap-southeast-2",
            "rotation_enabled": true,
            "rotation_interval": 30,
            "rotation_number": 0,
            "scheduled_deletion_date": "",
            "tags": {}
          },
          "sensitive_attributes": [],
          "private": "bnVsbA==",
          "dependencies": [
            "data.huaweicloud_account.current"
          ]
        }
      ]
    },
    {
      "module": "module.lts",
      "mode": "managed",
      "type": "huaweicloud_lts_group",
      "name": "this",
      "provider": "provider[\"registry.terraform.io/huaweicloud/huaweicloud\"]",
      "instances": [
        {
          "index_key": "group1",
          "schema_version": 0,
          "attributes": {
            "created_at": "2024-07-30T19:03:23+08:00",
            "group_name": "group-1",
            "id": "1604dedd-82b5-45e0-ac72-6d17a4b80f1f",
            "region": "ap-southeast-2",
            "tags": {},
            "ttl_in_days": 30
          },
          "sensitive_attributes": [],
          "private": "bnVsbA=="
        },
        {
          "index_key": "group2",
          "schema_version": 0,
          "attributes": {
            "created_at": "2024-07-30T19:03:23+08:00",
            "group_name": "group-2",
            "id": "4a3afabb-f97a-45be-abff-2cb81b08b5fe",
            "region": "ap-southeast-2",
            "tags": {},
            "ttl_in_days": 30
          },
          "sensitive_attributes": [],
          "private": "bnVsbA=="
        }
      ]
    },
    {
      "module": "module.lts",
      "mode": "managed",
      "type": "huaweicloud_lts_stream",
      "name": "this",
      "provider": "provider[\"registry.terraform.io/huaweicloud/huaweicloud\"]",
      "instances": [
        {
          "index_key": "group1.stream1",
          "schema_version": 0,
          "attributes": {
            "created_at": "2024-07-30T19:03:24+08:00",
            "enterprise_project_id": "0",
            "filter_count": 0,
            "group_id": "1604dedd-82b5-45e0-ac72-6d17a4b80f1f",
            "id": "ccf74ad0-529e-4676-9915-4155a32bab46",
            "region": "ap-southeast-2",
            "stream_name": "stream-1",
            "tags": {},
            "ttl_in_days": null
          },
          "sensitive_attributes": [],
          "private": "bnVsbA==",
          "dependencies": [
            "module.lts.huaweicloud_lts_group.this"
          ]
        },
        {
          "index_key": "group2.stream2",
          "schema_version": 0,
          "attributes": {
            "created_at": "2024-07-30T19:03:24+08:00",
            "enterprise_project_id": "0",
            "filter_count": 0,
            "group_id": "4a3afabb-f97a-45be-abff-2cb81b08b5fe",
            "id": "49d1a4a1-22a1-4af0-b634-3de761b9139d",
            "region": "ap-southeast-2",
            "stream_name": "stream-2",
            "tags": {},
            "ttl_in_days": null
          },
          "sensitive_attributes": [],
          "private": "bnVsbA==",
          "dependencies": [
            "module.lts.huaweicloud_lts_group.this"
          ]
        }
      ]
    }
  ],
  "check_results": null
}
